
Microsoft Visual Studio Solution File, Format Version 12.00
# Visual Studio 15
VisualStudioVersion = 15.0.28307.1259
MinimumVisualStudioVersion = 10.0.40219.1
Project("{9A19103F-16F7-4668-BE54-9A1E7A4F7556}") = "OpenCoverXmlProcessor", "OpenCoverXmlProcessor\OpenCoverXmlProcessor.csproj", "{4DA9133B-4DBA-4759-8662-E74E0FBA6929}"
EndProject
Global
	GlobalSection(SolutionConfigurationPlatforms) = preSolution
		Debug|Any CPU = Debug|Any CPU
		Release|Any CPU = Release|Any CPU
	EndGlobalSection
	GlobalSection(ProjectConfigurationPlatforms) = postSolution
		{4DA9133B-4DBA-4759-8662-E74E0FBA6929}.Debug|Any CPU.ActiveCfg = Debug|Any CPU
		{4DA9133B-4DBA-4759-8662-E74E0FBA6929}.Debug|Any CPU.Build.0 = Debug|Any CPU
		{4DA9133B-4DBA-4759-8662-E74E0FBA6929}.Release|Any CPU.ActiveCfg = Release|Any CPU
		{4DA9133B-4DBA-4759-8662-E74E0FBA6929}.Release|Any CPU.Build.0 = Release|Any CPU
	EndGlobalSection
	GlobalSection(SolutionProperties) = preSolution
		HideSolutionNode = FALSE
	EndGlobalSection
	GlobalSection(ExtensibilityGlobals) = postSolution
		SolutionGuid = {644C8064-9287-4B06-91E5-013DFD060FA7}
	EndGlobalSection
EndGlobal
